// !$*UTF8*$!
{
	archiveVersion = 1;
	classes = {
	};
	objectVersion = 46;
	objects = {

/* Begin PBXBuildFile section */
		BFB0227D1962664500233D9E /* InfoPlist.strings in Resources */ = {isa = PBXBuildFile; fileRef = BFB0227B1962664500233D9E /* InfoPlist.strings */; };
		BFB0227F1962664500233D9E /* main.m in Sources */ = {isa = PBXBuildFile; fileRef = BFB0227E1962664500233D9E /* main.m */; };
		BFB022831962664500233D9E /* Credits.rtf in Resources */ = {isa = PBXBuildFile; fileRef = BFB022811962664500233D9E /* Credits.rtf */; };
		BFB022861962664500233D9E /* Document.m in Sources */ = {isa = PBXBuildFile; fileRef = BFB022851962664500233D9E /* Document.m */; };
		BFB022891962664500233D9E /* Document.xib in Resources */ = {isa = PBXBuildFile; fileRef = BFB022871962664500233D9E /* Document.xib */; };
		BFB0228C1962664500233D9E /* MainMenu.xib in Resources */ = {isa = PBXBuildFile; fileRef = BFB0228A1962664500233D9E /* MainMenu.xib */; };
		BFB0228E1962664500233D9E /* Images.xcassets in Resources */ = {isa = PBXBuildFile; fileRef = BFB0228D1962664500233D9E /* Images.xcassets */; };
		BFB022951962664600233D9E /* XCTest.framework in Frameworks */ = {isa = PBXBuildFile; fileRef = BFB022941962664600233D9E /* XCTest.framework */; };
		BFB0229E1962664600233D9E /* InfoPlist.strings in Resources */ = {isa = PBXBuildFile; fileRef = BFB0229C1962664600233D9E /* InfoPlist.strings */; };
		BFB022A01962664600233D9E /* itchTests.m in Sources */ = {isa = PBXBuildFile; fileRef = BFB0229F1962664600233D9E /* itchTests.m */; };
		BFB022B1196274C000233D9E /* EditorWindowController.m in Sources */ = {isa = PBXBuildFile; fileRef = BFB022B0196274C000233D9E /* EditorWindowController.m */; };
		BFB022B71962754500233D9E /* ItchApplication.m in Sources */ = {isa = PBXBuildFile; fileRef = BFB022B61962754500233D9E /* ItchApplication.m */; };
		BFB022BD1963346000233D9E /* Chunk.m in Sources */ = {isa = PBXBuildFile; fileRef = BFB022BC1963346000233D9E /* Chunk.m */; };
		BFB022BF19634EE600233D9E /* AppKit.framework in Frameworks */ = {isa = PBXBuildFile; fileRef = BFB022751962664500233D9E /* AppKit.framework */; };
		BFB022C5196397AF00233D9E /* ItchTextView.m in Sources */ = {isa = PBXBuildFile; fileRef = BFB022C4196397AF00233D9E /* ItchTextView.m */; };
/* End PBXBuildFile section */

/* Begin PBXContainerItemProxy section */
		BFB022971962664600233D9E /* PBXContainerItemProxy */ = {
			isa = PBXContainerItemProxy;
			containerPortal = BFB022671962664500233D9E /* Project object */;
			proxyType = 1;
			remoteGlobalIDString = BFB0226E1962664500233D9E;
			remoteInfo = itch;
		};
/* End PBXContainerItemProxy section */

/* Begin PBXFileReference section */
		BFB0226F1962664500233D9E /* itch.app */ = {isa = PBXFileReference; explicitFileType = wrapper.application; includeInIndex = 0; path = itch.app; sourceTree = BUILT_PRODUCTS_DIR; };
		BFB022751962664500233D9E /* AppKit.framework */ = {isa = PBXFileReference; lastKnownFileType = wrapper.framework; name = AppKit.framework; path = System/Library/Frameworks/AppKit.framework; sourceTree = SDKROOT; };
		BFB0227A1962664500233D9E /* itch-Info.plist */ = {isa = PBXFileReference; lastKnownFileType = text.plist.xml; path = "itch-Info.plist"; sourceTree = "<group>"; };
		BFB0227C1962664500233D9E /* en */ = {isa = PBXFileReference; lastKnownFileType = text.plist.strings; name = en; path = en.lproj/InfoPlist.strings; sourceTree = "<group>"; };
		BFB0227E1962664500233D9E /* main.m */ = {isa = PBXFileReference; lastKnownFileType = sourcecode.c.objc; path = main.m; sourceTree = "<group>"; };
		BFB022801962664500233D9E /* itch-Prefix.pch */ = {isa = PBXFileReference; lastKnownFileType = sourcecode.c.h; path = "itch-Prefix.pch"; sourceTree = "<group>"; };
		BFB022821962664500233D9E /* en */ = {isa = PBXFileReference; lastKnownFileType = text.rtf; name = en; path = en.lproj/Credits.rtf; sourceTree = "<group>"; };
		BFB022841962664500233D9E /* Document.h */ = {isa = PBXFileReference; lastKnownFileType = sourcecode.c.h; path = Document.h; sourceTree = "<group>"; };
		BFB022851962664500233D9E /* Document.m */ = {isa = PBXFileReference; lastKnownFileType = sourcecode.c.objc; path = Document.m; sourceTree = "<group>"; };
		BFB022881962664500233D9E /* Base */ = {isa = PBXFileReference; lastKnownFileType = file.xib; name = Base; path = Base.lproj/Document.xib; sourceTree = "<group>"; };
		BFB0228B1962664500233D9E /* Base */ = {isa = PBXFileReference; lastKnownFileType = file.xib; name = Base; path = Base.lproj/MainMenu.xib; sourceTree = "<group>"; };
		BFB0228D1962664500233D9E /* Images.xcassets */ = {isa = PBXFileReference; lastKnownFileType = folder.assetcatalog; path = Images.xcassets; sourceTree = "<group>"; };
		BFB022931962664600233D9E /* itchTests.xctest */ = {isa = PBXFileReference; explicitFileType = wrapper.cfbundle; includeInIndex = 0; path = itchTests.xctest; sourceTree = BUILT_PRODUCTS_DIR; };
		BFB022941962664600233D9E /* XCTest.framework */ = {isa = PBXFileReference; lastKnownFileType = wrapper.framework; name = XCTest.framework; path = Library/Frameworks/XCTest.framework; sourceTree = DEVELOPER_DIR; };
		BFB0229B1962664600233D9E /* itchTests-Info.plist */ = {isa = PBXFileReference; lastKnownFileType = text.plist.xml; path = "itchTests-Info.plist"; sourceTree = "<group>"; };
		BFB0229D1962664600233D9E /* en */ = {isa = PBXFileReference; lastKnownFileType = text.plist.strings; name = en; path = en.lproj/InfoPlist.strings; sourceTree = "<group>"; };
		BFB0229F1962664600233D9E /* itchTests.m */ = {isa = PBXFileReference; lastKnownFileType = sourcecode.c.objc; path = itchTests.m; sourceTree = "<group>"; };
		BFB022AF196274C000233D9E /* EditorWindowController.h */ = {isa = PBXFileReference; fileEncoding = 4; lastKnownFileType = sourcecode.c.h; path = EditorWindowController.h; sourceTree = "<group>"; };
		BFB022B0196274C000233D9E /* EditorWindowController.m */ = {isa = PBXFileReference; fileEncoding = 4; lastKnownFileType = sourcecode.c.objc; path = EditorWindowController.m; sourceTree = "<group>"; };
		BFB022B51962754500233D9E /* ItchApplication.h */ = {isa = PBXFileReference; fileEncoding = 4; lastKnownFileType = sourcecode.c.h; path = ItchApplication.h; sourceTree = "<group>"; };
		BFB022B61962754500233D9E /* ItchApplication.m */ = {isa = PBXFileReference; fileEncoding = 4; lastKnownFileType = sourcecode.c.objc; path = ItchApplication.m; sourceTree = "<group>"; };
		BFB022BB1963346000233D9E /* Chunk.h */ = {isa = PBXFileReference; fileEncoding = 4; lastKnownFileType = sourcecode.c.h; path = Chunk.h; sourceTree = "<group>"; };
		BFB022BC1963346000233D9E /* Chunk.m */ = {isa = PBXFileReference; fileEncoding = 4; lastKnownFileType = sourcecode.c.objc; path = Chunk.m; sourceTree = "<group>"; };
		BFB022C3196397AF00233D9E /* ItchTextView.h */ = {isa = PBXFileReference; fileEncoding = 4; lastKnownFileType = sourcecode.c.h; path = ItchTextView.h; sourceTree = "<group>"; };
		BFB022C4196397AF00233D9E /* ItchTextView.m */ = {isa = PBXFileReference; fileEncoding = 4; lastKnownFileType = sourcecode.c.objc; path = ItchTextView.m; sourceTree = "<group>"; };
/* End PBXFileReference section */

/* Begin PBXFrameworksBuildPhase section */
		BFB0226C1962664500233D9E /* Frameworks */ = {
			isa = PBXFrameworksBuildPhase;
			buildActionMask = 2147483647;
			files = (
				BFB022BF19634EE600233D9E /* AppKit.framework in Frameworks */,
			);
			runOnlyForDeploymentPostprocessing = 0;
		};
		BFB022901962664600233D9E /* Frameworks */ = {
			isa = PBXFrameworksBuildPhase;
			buildActionMask = 2147483647;
			files = (
				BFB022951962664600233D9E /* XCTest.framework in Frameworks */,
			);
			runOnlyForDeploymentPostprocessing = 0;
		};
/* End PBXFrameworksBuildPhase section */

/* Begin PBXGroup section */
		BFB022661962664500233D9E = {
			isa = PBXGroup;
			children = (
				BFB022781962664500233D9E /* itch */,
				BFB022991962664600233D9E /* itchTests */,
				BFB022711962664500233D9E /* Frameworks */,
				BFB022701962664500233D9E /* Products */,
			);
			sourceTree = "<group>";
		};
		BFB022701962664500233D9E /* Products */ = {
			isa = PBXGroup;
			children = (
				BFB0226F1962664500233D9E /* itch.app */,
				BFB022931962664600233D9E /* itchTests.xctest */,
			);
			name = Products;
			sourceTree = "<group>";
		};
		BFB022711962664500233D9E /* Frameworks */ = {
			isa = PBXGroup;
			children = (
				BFB022751962664500233D9E /* AppKit.framework */,
				BFB022941962664600233D9E /* XCTest.framework */,
			);
			name = Frameworks;
			sourceTree = "<group>";
		};
		BFB022781962664500233D9E /* itch */ = {
			isa = PBXGroup;
			children = (
				BFB022BB1963346000233D9E /* Chunk.h */,
				BFB022BC1963346000233D9E /* Chunk.m */,
				BFB022841962664500233D9E /* Document.h */,
				BFB022851962664500233D9E /* Document.m */,
				BFB022871962664500233D9E /* Document.xib */,
				BFB022AF196274C000233D9E /* EditorWindowController.h */,
				BFB022B0196274C000233D9E /* EditorWindowController.m */,
				BFB022B51962754500233D9E /* ItchApplication.h */,
				BFB022B61962754500233D9E /* ItchApplication.m */,
				BFB022C3196397AF00233D9E /* ItchTextView.h */,
				BFB022C4196397AF00233D9E /* ItchTextView.m */,
				BFB0228A1962664500233D9E /* MainMenu.xib */,
				BFB022791962664500233D9E /* Supporting Files */,
			);
			path = itch;
			sourceTree = "<group>";
		};
		BFB022791962664500233D9E /* Supporting Files */ = {
			isa = PBXGroup;
			children = (
				BFB0228D1962664500233D9E /* Images.xcassets */,
				BFB0227A1962664500233D9E /* itch-Info.plist */,
				BFB0227B1962664500233D9E /* InfoPlist.strings */,
				BFB0227E1962664500233D9E /* main.m */,
				BFB022801962664500233D9E /* itch-Prefix.pch */,
				BFB022811962664500233D9E /* Credits.rtf */,
			);
			name = "Supporting Files";
			sourceTree = "<group>";
		};
		BFB022991962664600233D9E /* itchTests */ = {
			isa = PBXGroup;
			children = (
				BFB0229F1962664600233D9E /* itchTests.m */,
				BFB0229A1962664600233D9E /* Supporting Files */,
			);
			path = itchTests;
			sourceTree = "<group>";
		};
		BFB0229A1962664600233D9E /* Supporting Files */ = {
			isa = PBXGroup;
			children = (
				BFB0229B1962664600233D9E /* itchTests-Info.plist */,
				BFB0229C1962664600233D9E /* InfoPlist.strings */,
			);
			name = "Supporting Files";
			sourceTree = "<group>";
		};
/* End PBXGroup section */

/* Begin PBXNativeTarget section */
		BFB0226E1962664500233D9E /* itch */ = {
			isa = PBXNativeTarget;
			buildConfigurationList = BFB022A31962664600233D9E /* Build configuration list for PBXNativeTarget "itch" */;
			buildPhases = (
				BFB0226B1962664500233D9E /* Sources */,
				BFB0226C1962664500233D9E /* Frameworks */,
				BFB0226D1962664500233D9E /* Resources */,
			);
			buildRules = (
			);
			dependencies = (
			);
			name = itch;
			productName = itch;
			productReference = BFB0226F1962664500233D9E /* itch.app */;
			productType = "com.apple.product-type.application";
		};
		BFB022921962664600233D9E /* itchTests */ = {
			isa = PBXNativeTarget;
			buildConfigurationList = BFB022A61962664600233D9E /* Build configuration list for PBXNativeTarget "itchTests" */;
			buildPhases = (
				BFB0228F1962664600233D9E /* Sources */,
				BFB022901962664600233D9E /* Frameworks */,
				BFB022911962664600233D9E /* Resources */,
			);
			buildRules = (
			);
			dependencies = (
				BFB022981962664600233D9E /* PBXTargetDependency */,
			);
			name = itchTests;
			productName = itchTests;
			productReference = BFB022931962664600233D9E /* itchTests.xctest */;
			productType = "com.apple.product-type.bundle.unit-test";
		};
/* End PBXNativeTarget section */

/* Begin PBXProject section */
		BFB022671962664500233D9E /* Project object */ = {
			isa = PBXProject;
			attributes = {
				LastUpgradeCheck = 0510;
				ORGANIZATIONNAME = murkey;
				TargetAttributes = {
					BFB022921962664600233D9E = {
						TestTargetID = BFB0226E1962664500233D9E;
					};
				};
			};
			buildConfigurationList = BFB0226A1962664500233D9E /* Build configuration list for PBXProject "itch" */;
			compatibilityVersion = "Xcode 3.2";
			developmentRegion = English;
			hasScannedForEncodings = 0;
			knownRegions = (
				en,
				Base,
			);
			mainGroup = BFB022661962664500233D9E;
			productRefGroup = BFB022701962664500233D9E /* Products */;
			projectDirPath = "";
			projectRoot = "";
			targets = (
				BFB0226E1962664500233D9E /* itch */,
				BFB022921962664600233D9E /* itchTests */,
			);
		};
/* End PBXProject section */

/* Begin PBXResourcesBuildPhase section */
		BFB0226D1962664500233D9E /* Resources */ = {
			isa = PBXResourcesBuildPhase;
			buildActionMask = 2147483647;
			files = (
				BFB022891962664500233D9E /* Document.xib in Resources */,
				BFB0228E1962664500233D9E /* Images.xcassets in Resources */,
				BFB0227D1962664500233D9E /* InfoPlist.strings in Resources */,
				BFB022831962664500233D9E /* Credits.rtf in Resources */,
				BFB0228C1962664500233D9E /* MainMenu.xib in Resources */,
			);
			runOnlyForDeploymentPostprocessing = 0;
		};
		BFB022911962664600233D9E /* Resources */ = {
			isa = PBXResourcesBuildPhase;
			buildActionMask = 2147483647;
			files = (
				BFB0229E1962664600233D9E /* InfoPlist.strings in Resources */,
			);
			runOnlyForDeploymentPostprocessing = 0;
		};
/* End PBXResourcesBuildPhase section */

/* Begin PBXSourcesBuildPhase section */
		BFB0226B1962664500233D9E /* Sources */ = {
			isa = PBXSourcesBuildPhase;
			buildActionMask = 2147483647;
			files = (
				BFB022B71962754500233D9E /* ItchApplication.m in Sources */,
				BFB022C5196397AF00233D9E /* ItchTextView.m in Sources */,
				BFB022861962664500233D9E /* Document.m in Sources */,
				BFB022BD1963346000233D9E /* Chunk.m in Sources */,
				BFB022B1196274C000233D9E /* EditorWindowController.m in Sources */,
				BFB0227F1962664500233D9E /* main.m in Sources */,
			);
			runOnlyForDeploymentPostprocessing = 0;
		};
		BFB0228F1962664600233D9E /* Sources */ = {
			isa = PBXSourcesBuildPhase;
			buildActionMask = 2147483647;
			files = (
				BFB022A01962664600233D9E /* itchTests.m in Sources */,
			);
			runOnlyForDeploymentPostprocessing = 0;
		};
/* End PBXSourcesBuildPhase section */

/* Begin PBXTargetDependency section */
		BFB022981962664600233D9E /* PBXTargetDependency */ = {
			isa = PBXTargetDependency;
			target = BFB0226E1962664500233D9E /* itch */;
			targetProxy = BFB022971962664600233D9E /* PBXContainerItemProxy */;
		};
/* End PBXTargetDependency section */

/* Begin PBXVariantGroup section */
		BFB0227B1962664500233D9E /* InfoPlist.strings */ = {
			isa = PBXVariantGroup;
			children = (
				BFB0227C1962664500233D9E /* en */,
			);
			name = InfoPlist.strings;
			sourceTree = "<group>";
		};
		BFB022811962664500233D9E /* Credits.rtf */ = {
			isa = PBXVariantGroup;
			children = (
				BFB022821962664500233D9E /* en */,
			);
			name = Credits.rtf;
			sourceTree = "<group>";
		};
		BFB022871962664500233D9E /* Document.xib */ = {
			isa = PBXVariantGroup;
			children = (
				BFB022881962664500233D9E /* Base */,
			);
			name = Document.xib;
			sourceTree = "<group>";
		};
		BFB0228A1962664500233D9E /* MainMenu.xib */ = {
			isa = PBXVariantGroup;
			children = (
				BFB0228B1962664500233D9E /* Base */,
			);
			name = MainMenu.xib;
			sourceTree = "<group>";
		};
		BFB0229C1962664600233D9E /* InfoPlist.strings */ = {
			isa = PBXVariantGroup;
			children = (
				BFB0229D1962664600233D9E /* en */,
			);
			name = InfoPlist.strings;
			sourceTree = "<group>";
		};
/* End PBXVariantGroup section */

/* Begin XCBuildConfiguration section */
		BFB022A11962664600233D9E /* Debug */ = {
			isa = XCBuildConfiguration;
			buildSettings = {
				ALWAYS_SEARCH_USER_PATHS = NO;
				CLANG_CXX_LANGUAGE_STANDARD = "gnu++0x";
				CLANG_CXX_LIBRARY = "libc++";
				CLANG_ENABLE_MODULES = YES;
				CLANG_ENABLE_OBJC_ARC = YES;
				CLANG_WARN_BOOL_CONVERSION = YES;
				CLANG_WARN_CONSTANT_CONVERSION = YES;
				CLANG_WARN_DIRECT_OBJC_ISA_USAGE = YES_ERROR;
				CLANG_WARN_EMPTY_BODY = YES;
				CLANG_WARN_ENUM_CONVERSION = YES;
				CLANG_WARN_INT_CONVERSION = YES;
				CLANG_WARN_OBJC_ROOT_CLASS = YES_ERROR;
				CLANG_WARN__DUPLICATE_METHOD_MATCH = YES;
				COPY_PHASE_STRIP = NO;
				GCC_C_LANGUAGE_STANDARD = gnu99;
				GCC_DYNAMIC_NO_PIC = NO;
				GCC_ENABLE_OBJC_EXCEPTIONS = YES;
				GCC_OPTIMIZATION_LEVEL = 0;
				GCC_PREPROCESSOR_DEFINITIONS = (
					"DEBUG=1",
					"$(inherited)",
				);
				GCC_SYMBOLS_PRIVATE_EXTERN = NO;
				GCC_WARN_64_TO_32_BIT_CONVERSION = YES;
				GCC_WARN_ABOUT_RETURN_TYPE = YES_ERROR;
				GCC_WARN_UNDECLARED_SELECTOR = YES;
				GCC_WARN_UNINITIALIZED_AUTOS = YES_AGGRESSIVE;
				GCC_WARN_UNUSED_FUNCTION = YES;
				GCC_WARN_UNUSED_VARIABLE = YES;
				MACOSX_DEPLOYMENT_TARGET = 10.8;
				ONLY_ACTIVE_ARCH = YES;
				OTHER_LDFLAGS = "-lz";
				SDKROOT = macosx;
			};
			name = Debug;
		};
		BFB022A21962664600233D9E /* Release */ = {
			isa = XCBuildConfiguration;
			buildSettings = {
				ALWAYS_SEARCH_USER_PATHS = NO;
				CLANG_CXX_LANGUAGE_STANDARD = "gnu++0x";
				CLANG_CXX_LIBRARY = "libc++";
				CLANG_ENABLE_MODULES = YES;
				CLANG_ENABLE_OBJC_ARC = YES;
				CLANG_WARN_BOOL_CONVERSION = YES;
				CLANG_WARN_CONSTANT_CONVERSION = YES;
				CLANG_WARN_DIRECT_OBJC_ISA_USAGE = YES_ERROR;
				CLANG_WARN_EMPTY_BODY = YES;
				CLANG_WARN_ENUM_CONVERSION = YES;
				CLANG_WARN_INT_CONVERSION = YES;
				CLANG_WARN_OBJC_ROOT_CLASS = YES_ERROR;
				CLANG_WARN__DUPLICATE_METHOD_MATCH = YES;
				COPY_PHASE_STRIP = YES;
				DEBUG_INFORMATION_FORMAT = "dwarf-with-dsym";
				ENABLE_NS_ASSERTIONS = NO;
				GCC_C_LANGUAGE_STANDARD = gnu99;
				GCC_ENABLE_OBJC_EXCEPTIONS = YES;
				GCC_WARN_64_TO_32_BIT_CONVERSION = YES;
				GCC_WARN_ABOUT_RETURN_TYPE = YES_ERROR;
				GCC_WARN_UNDECLARED_SELECTOR = YES;
				GCC_WARN_UNINITIALIZED_AUTOS = YES_AGGRESSIVE;
				GCC_WARN_UNUSED_FUNCTION = YES;
				GCC_WARN_UNUSED_VARIABLE = YES;
				MACOSX_DEPLOYMENT_TARGET = 10.8;
				OTHER_LDFLAGS = "-lz";
				SDKROOT = macosx;
			};
			name = Release;
		};
		BFB022A41962664600233D9E /* Debug */ = {
			isa = XCBuildConfiguration;
			buildSettings = {
				ASSETCATALOG_COMPILER_APPICON_NAME = AppIcon;
				COMBINE_HIDPI_IMAGES = YES;
				GCC_PRECOMPILE_PREFIX_HEADER = YES;
				GCC_PREFIX_HEADER = "itch/itch-Prefix.pch";
				INFOPLIST_FILE = "itch/itch-Info.plist";
				PRODUCT_NAME = "$(TARGET_NAME)";
				WRAPPER_EXTENSION = app;
			};
			name = Debug;
		};
		BFB022A51962664600233D9E /* Release */ = {
			isa = XCBuildConfiguration;
			buildSettings = {
				ASSETCATALOG_COMPILER_APPICON_NAME = AppIcon;
				COMBINE_HIDPI_IMAGES = YES;
				GCC_PRECOMPILE_PREFIX_HEADER = YES;
				GCC_PREFIX_HEADER = "itch/itch-Prefix.pch";
				INFOPLIST_FILE = "itch/itch-Info.plist";
				PRODUCT_NAME = "$(TARGET_NAME)";
				WRAPPER_EXTENSION = app;
			};
			name = Release;
		};
		BFB022A71962664600233D9E /* Debug */ = {
			isa = XCBuildConfiguration;
			buildSettings = {
				BUNDLE_LOADER = "$(BUILT_PRODUCTS_DIR)/itch.app/Contents/MacOS/itch";
				COMBINE_HIDPI_IMAGES = YES;
				FRAMEWORK_SEARCH_PATHS = (
					"$(DEVELOPER_FRAMEWORKS_DIR)",
					"$(inherited)",
				);
				GCC_PRECOMPILE_PREFIX_HEADER = YES;
				GCC_PREFIX_HEADER = "itch/itch-Prefix.pch";
				GCC_PREPROCESSOR_DEFINITIONS = (
					"DEBUG=1",
					"$(inherited)",
				);
				INFOPLIST_FILE = "itchTests/itchTests-Info.plist";
				PRODUCT_NAME = "$(TARGET_NAME)";
				TEST_HOST = "$(BUNDLE_LOADER)";
				WRAPPER_EXTENSION = xctest;
			};
			name = Debug;
		};
		BFB022A81962664600233D9E /* Release */ = {
			isa = XCBuildConfiguration;
			buildSettings = {
				BUNDLE_LOADER = "$(BUILT_PRODUCTS_DIR)/itch.app/Contents/MacOS/itch";
				COMBINE_HIDPI_IMAGES = YES;
				FRAMEWORK_SEARCH_PATHS = (
					"$(DEVELOPER_FRAMEWORKS_DIR)",
					"$(inherited)",
				);
				GCC_PRECOMPILE_PREFIX_HEADER = YES;
				GCC_PREFIX_HEADER = "itch/itch-Prefix.pch";
				INFOPLIST_FILE = "itchTests/itchTests-Info.plist";
				PRODUCT_NAME = "$(TARGET_NAME)";
				TEST_HOST = "$(BUNDLE_LOADER)";
				WRAPPER_EXTENSION = xctest;
			};
			name = Release;
		};
/* End XCBuildConfiguration section */

/* Begin XCConfigurationList section */
		BFB0226A1962664500233D9E /* Build configuration list for PBXProject "itch" */ = {
			isa = XCConfigurationList;
			buildConfigurations = (
				BFB022A11962664600233D9E /* Debug */,
				BFB022A21962664600233D9E /* Release */,
			);
			defaultConfigurationIsVisible = 0;
			defaultConfigurationName = Release;
		};
		BFB022A31962664600233D9E /* Build configuration list for PBXNativeTarget "itch" */ = {
			isa = XCConfigurationList;
			buildConfigurations = (
				BFB022A41962664600233D9E /* Debug */,
				BFB022A51962664600233D9E /* Release */,
			);
			defaultConfigurationIsVisible = 0;
			defaultConfigurationName = Release;
		};
		BFB022A61962664600233D9E /* Build configuration list for PBXNativeTarget "itchTests" */ = {
			isa = XCConfigurationList;
			buildConfigurations = (
				BFB022A71962664600233D9E /* Debug */,
				BFB022A81962664600233D9E /* Release */,
			);
			defaultConfigurationIsVisible = 0;
			defaultConfigurationName = Release;
		};
/* End XCConfigurationList section */
	};
	rootObject = BFB022671962664500233D9E /* Project object */;
}
